// !$*UTF8*$!
{
	archiveVersion = 1;
	classes = {
	};
	objectVersion = 46;
	objects = {

/* Begin PBXBuildFile section */
		D6C0AF701A6CE74D0057FE9D /* WGTabbarAnimation.m in Sources */ = {isa = PBXBuildFile; fileRef = D6C0AF6F1A6CE74D0057FE9D /* WGTabbarAnimation.m */; };
		D6D860FE1A6D035800E52F5A /* WGTabbarController.m in Sources */ = {isa = PBXBuildFile; fileRef = D6D860FD1A6D035800E52F5A /* WGTabbarController.m */; };
		D6D861071A6D03AF00E52F5A /* bottom_indicator.png in Resources */ = {isa = PBXBuildFile; fileRef = D6D860FF1A6D03AF00E52F5A /* bottom_indicator.png */; };
		D6D861081A6D03AF00E52F5A /* LDTabbar.m in Sources */ = {isa = PBXBuildFile; fileRef = D6D861011A6D03AF00E52F5A /* LDTabbar.m */; };
		D6D861091A6D03AF00E52F5A /* LDTabbarItemCollectionView.m in Sources */ = {isa = PBXBuildFile; fileRef = D6D861041A6D03AF00E52F5A /* LDTabbarItemCollectionView.m */; };
		D6D8610A1A6D03AF00E52F5A /* LDTabBaseCell.m in Sources */ = {isa = PBXBuildFile; fileRef = D6D861061A6D03AF00E52F5A /* LDTabBaseCell.m */; };
		D6F9A0121A6C955800F698F7 /* main.m in Sources */ = {isa = PBXBuildFile; fileRef = D6F9A0111A6C955800F698F7 /* main.m */; };
		D6F9A0151A6C955800F698F7 /* AppDelegate.m in Sources */ = {isa = PBXBuildFile; fileRef = D6F9A0141A6C955800F698F7 /* AppDelegate.m */; };
		D6F9A01B1A6C955800F698F7 /* Main.storyboard in Resources */ = {isa = PBXBuildFile; fileRef = D6F9A0191A6C955800F698F7 /* Main.storyboard */; };
		D6F9A01D1A6C955800F698F7 /* Images.xcassets in Resources */ = {isa = PBXBuildFile; fileRef = D6F9A01C1A6C955800F698F7 /* Images.xcassets */; };
		D6F9A0201A6C955800F698F7 /* LaunchScreen.xib in Resources */ = {isa = PBXBuildFile; fileRef = D6F9A01E1A6C955800F698F7 /* LaunchScreen.xib */; };
		D6F9A02C1A6C955800F698F7 /* WGCustomTabbarControllerTests.m in Sources */ = {isa = PBXBuildFile; fileRef = D6F9A02B1A6C955800F698F7 /* WGCustomTabbarControllerTests.m */; };
/* End PBXBuildFile section */

/* Begin PBXContainerItemProxy section */
		D6F9A0261A6C955800F698F7 /* PBXContainerItemProxy */ = {
			isa = PBXContainerItemProxy;
			containerPortal = D6F9A0041A6C955800F698F7 /* Project object */;
			proxyType = 1;
			remoteGlobalIDString = D6F9A00B1A6C955800F698F7;
			remoteInfo = WGCustomTabbarController;
		};
/* End PBXContainerItemProxy section */

/* Begin PBXFileReference section */
		D6C0AF6E1A6CE74D0057FE9D /* WGTabbarAnimation.h */ = {isa = PBXFileReference; fileEncoding = 4; lastKnownFileType = sourcecode.c.h; path = WGTabbarAnimation.h; sourceTree = "<group>"; };
		D6C0AF6F1A6CE74D0057FE9D /* WGTabbarAnimation.m */ = {isa = PBXFileReference; fileEncoding = 4; lastKnownFileType = sourcecode.c.objc; path = WGTabbarAnimation.m; sourceTree = "<group>"; };
		D6D860FC1A6D035800E52F5A /* WGTabbarController.h */ = {isa = PBXFileReference; fileEncoding = 4; lastKnownFileType = sourcecode.c.h; path = WGTabbarController.h; sourceTree = "<group>"; };
		D6D860FD1A6D035800E52F5A /* WGTabbarController.m */ = {isa = PBXFileReference; fileEncoding = 4; lastKnownFileType = sourcecode.c.objc; path = WGTabbarController.m; sourceTree = "<group>"; };
		D6D860FF1A6D03AF00E52F5A /* bottom_indicator.png */ = {isa = PBXFileReference; lastKnownFileType = image.png; path = bottom_indicator.png; sourceTree = "<group>"; };
		D6D861001A6D03AF00E52F5A /* LDTabbar.h */ = {isa = PBXFileReference; fileEncoding = 4; lastKnownFileType = sourcecode.c.h; path = LDTabbar.h; sourceTree = "<group>"; };
		D6D861011A6D03AF00E52F5A /* LDTabbar.m */ = {isa = PBXFileReference; fileEncoding = 4; lastKnownFileType = sourcecode.c.objc; path = LDTabbar.m; sourceTree = "<group>"; };
		D6D861021A6D03AF00E52F5A /* LDTabbarDelegate.h */ = {isa = PBXFileReference; fileEncoding = 4; lastKnownFileType = sourcecode.c.h; path = LDTabbarDelegate.h; sourceTree = "<group>"; };
		D6D861031A6D03AF00E52F5A /* LDTabbarItemCollectionView.h */ = {isa = PBXFileReference; fileEncoding = 4; lastKnownFileType = sourcecode.c.h; path = LDTabbarItemCollectionView.h; sourceTree = "<group>"; };
		D6D861041A6D03AF00E52F5A /* LDTabbarItemCollectionView.m */ = {isa = PBXFileReference; fileEncoding = 4; lastKnownFileType = sourcecode.c.objc; path = LDTabbarItemCollectionView.m; sourceTree = "<group>"; };
		D6D861051A6D03AF00E52F5A /* LDTabBaseCell.h */ = {isa = PBXFileReference; fileEncoding = 4; lastKnownFileType = sourcecode.c.h; path = LDTabBaseCell.h; sourceTree = "<group>"; };
		D6D861061A6D03AF00E52F5A /* LDTabBaseCell.m */ = {isa = PBXFileReference; fileEncoding = 4; lastKnownFileType = sourcecode.c.objc; path = LDTabBaseCell.m; sourceTree = "<group>"; };
		D6D8610B1A6D23C000E52F5A /* WGTabbarControllerMacro.h */ = {isa = PBXFileReference; fileEncoding = 4; lastKnownFileType = sourcecode.c.h; path = WGTabbarControllerMacro.h; sourceTree = "<group>"; };
		D6F9A00C1A6C955800F698F7 /* WGCustomTabbarController.app */ = {isa = PBXFileReference; explicitFileType = wrapper.application; includeInIndex = 0; path = WGCustomTabbarController.app; sourceTree = BUILT_PRODUCTS_DIR; };
		D6F9A0101A6C955800F698F7 /* Info.plist */ = {isa = PBXFileReference; lastKnownFileType = text.plist.xml; path = Info.plist; sourceTree = "<group>"; };
		D6F9A0111A6C955800F698F7 /* main.m */ = {isa = PBXFileReference; lastKnownFileType = sourcecode.c.objc; path = main.m; sourceTree = "<group>"; };
		D6F9A0131A6C955800F698F7 /* AppDelegate.h */ = {isa = PBXFileReference; lastKnownFileType = sourcecode.c.h; path = AppDelegate.h; sourceTree = "<group>"; };
		D6F9A0141A6C955800F698F7 /* AppDelegate.m */ = {isa = PBXFileReference; lastKnownFileType = sourcecode.c.objc; path = AppDelegate.m; sourceTree = "<group>"; };
		D6F9A01A1A6C955800F698F7 /* Base */ = {isa = PBXFileReference; lastKnownFileType = file.storyboard; name = Base; path = Base.lproj/Main.storyboard; sourceTree = "<group>"; };
		D6F9A01C1A6C955800F698F7 /* Images.xcassets */ = {isa = PBXFileReference; lastKnownFileType = folder.assetcatalog; path = Images.xcassets; sourceTree = "<group>"; };
		D6F9A01F1A6C955800F698F7 /* Base */ = {isa = PBXFileReference; lastKnownFileType = file.xib; name = Base; path = Base.lproj/LaunchScreen.xib; sourceTree = "<group>"; };
		D6F9A0251A6C955800F698F7 /* WGCustomTabbarControllerTests.xctest */ = {isa = PBXFileReference; explicitFileType = wrapper.cfbundle; includeInIndex = 0; path = WGCustomTabbarControllerTests.xctest; sourceTree = BUILT_PRODUCTS_DIR; };
		D6F9A02A1A6C955800F698F7 /* Info.plist */ = {isa = PBXFileReference; lastKnownFileType = text.plist.xml; path = Info.plist; sourceTree = "<group>"; };
		D6F9A02B1A6C955800F698F7 /* WGCustomTabbarControllerTests.m */ = {isa = PBXFileReference; lastKnownFileType = sourcecode.c.objc; path = WGCustomTabbarControllerTests.m; sourceTree = "<group>"; };
/* End PBXFileReference section */

/* Begin PBXFrameworksBuildPhase section */
		D6F9A0091A6C955800F698F7 /* Frameworks */ = {
			isa = PBXFrameworksBuildPhase;
			buildActionMask = 2147483647;
			files = (
			);
			runOnlyForDeploymentPostprocessing = 0;
		};
		D6F9A0221A6C955800F698F7 /* Frameworks */ = {
			isa = PBXFrameworksBuildPhase;
			buildActionMask = 2147483647;
			files = (
			);
			runOnlyForDeploymentPostprocessing = 0;
		};
/* End PBXFrameworksBuildPhase section */

/* Begin PBXGroup section */
		D6D860FB1A6D033300E52F5A /* WGTabbarController */ = {
			isa = PBXGroup;
			children = (
				D6D860FC1A6D035800E52F5A /* WGTabbarController.h */,
				D6D860FD1A6D035800E52F5A /* WGTabbarController.m */,
				D6D861001A6D03AF00E52F5A /* LDTabbar.h */,
				D6D861011A6D03AF00E52F5A /* LDTabbar.m */,
				D6D861031A6D03AF00E52F5A /* LDTabbarItemCollectionView.h */,
				D6D861041A6D03AF00E52F5A /* LDTabbarItemCollectionView.m */,
				D6D861051A6D03AF00E52F5A /* LDTabBaseCell.h */,
				D6D861061A6D03AF00E52F5A /* LDTabBaseCell.m */,
				D6D861021A6D03AF00E52F5A /* LDTabbarDelegate.h */,
				D6D860FF1A6D03AF00E52F5A /* bottom_indicator.png */,
				D6D8610B1A6D23C000E52F5A /* WGTabbarControllerMacro.h */,
			);
			path = WGTabbarController;
			sourceTree = "<group>";
		};
		D6F9A0031A6C955800F698F7 = {
			isa = PBXGroup;
			children = (
				D6F9A00E1A6C955800F698F7 /* WGCustomTabbarController */,
				D6F9A0281A6C955800F698F7 /* WGCustomTabbarControllerTests */,
				D6F9A00D1A6C955800F698F7 /* Products */,
			);
			sourceTree = "<group>";
		};
		D6F9A00D1A6C955800F698F7 /* Products */ = {
			isa = PBXGroup;
			children = (
				D6F9A00C1A6C955800F698F7 /* WGCustomTabbarController.app */,
				D6F9A0251A6C955800F698F7 /* WGCustomTabbarControllerTests.xctest */,
			);
			name = Products;
			sourceTree = "<group>";
		};
		D6F9A00E1A6C955800F698F7 /* WGCustomTabbarController */ = {
			isa = PBXGroup;
			children = (
				D6D860FB1A6D033300E52F5A /* WGTabbarController */,
				D6F9A0131A6C955800F698F7 /* AppDelegate.h */,
				D6F9A0141A6C955800F698F7 /* AppDelegate.m */,
				D6F9A0191A6C955800F698F7 /* Main.storyboard */,
				D6F9A01C1A6C955800F698F7 /* Images.xcassets */,
				D6F9A01E1A6C955800F698F7 /* LaunchScreen.xib */,
				D6F9A00F1A6C955800F698F7 /* Supporting Files */,
				D6C0AF6E1A6CE74D0057FE9D /* WGTabbarAnimation.h */,
				D6C0AF6F1A6CE74D0057FE9D /* WGTabbarAnimation.m */,
			);
			path = WGCustomTabbarController;
			sourceTree = "<group>";
		};
		D6F9A00F1A6C955800F698F7 /* Supporting Files */ = {
			isa = PBXGroup;
			children = (
				D6F9A0101A6C955800F698F7 /* Info.plist */,
				D6F9A0111A6C955800F698F7 /* main.m */,
			);
			name = "Supporting Files";
			sourceTree = "<group>";
		};
		D6F9A0281A6C955800F698F7 /* WGCustomTabbarControllerTests */ = {
			isa = PBXGroup;
			children = (
				D6F9A02B1A6C955800F698F7 /* WGCustomTabbarControllerTests.m */,
				D6F9A0291A6C955800F698F7 /* Supporting Files */,
			);
			path = WGCustomTabbarControllerTests;
			sourceTree = "<group>";
		};
		D6F9A0291A6C955800F698F7 /* Supporting Files */ = {
			isa = PBXGroup;
			children = (
				D6F9A02A1A6C955800F698F7 /* Info.plist */,
			);
			name = "Supporting Files";
			sourceTree = "<group>";
		};
/* End PBXGroup section */

/* Begin PBXNativeTarget section */
		D6F9A00B1A6C955800F698F7 /* WGCustomTabbarController */ = {
			isa = PBXNativeTarget;
			buildConfigurationList = D6F9A02F1A6C955800F698F7 /* Build configuration list for PBXNativeTarget "WGCustomTabbarController" */;
			buildPhases = (
				D6F9A0081A6C955800F698F7 /* Sources */,
				D6F9A0091A6C955800F698F7 /* Frameworks */,
				D6F9A00A1A6C955800F698F7 /* Resources */,
			);
			buildRules = (
			);
			dependencies = (
			);
			name = WGCustomTabbarController;
			productName = WGCustomTabbarController;
			productReference = D6F9A00C1A6C955800F698F7 /* WGCustomTabbarController.app */;
			productType = "com.apple.product-type.application";
		};
		D6F9A0241A6C955800F698F7 /* WGCustomTabbarControllerTests */ = {
			isa = PBXNativeTarget;
			buildConfigurationList = D6F9A0321A6C955800F698F7 /* Build configuration list for PBXNativeTarget "WGCustomTabbarControllerTests" */;
			buildPhases = (
				D6F9A0211A6C955800F698F7 /* Sources */,
				D6F9A0221A6C955800F698F7 /* Frameworks */,
				D6F9A0231A6C955800F698F7 /* Resources */,
			);
			buildRules = (
			);
			dependencies = (
				D6F9A0271A6C955800F698F7 /* PBXTargetDependency */,
			);
			name = WGCustomTabbarControllerTests;
			productName = WGCustomTabbarControllerTests;
			productReference = D6F9A0251A6C955800F698F7 /* WGCustomTabbarControllerTests.xctest */;
			productType = "com.apple.product-type.bundle.unit-test";
		};
/* End PBXNativeTarget section */

/* Begin PBXProject section */
		D6F9A0041A6C955800F698F7 /* Project object */ = {
			isa = PBXProject;
			attributes = {
				LastUpgradeCheck = 0610;
				ORGANIZATIONNAME = ccidnet;
				TargetAttributes = {
					D6F9A00B1A6C955800F698F7 = {
						CreatedOnToolsVersion = 6.1.1;
					};
					D6F9A0241A6C955800F698F7 = {
						CreatedOnToolsVersion = 6.1.1;
						TestTargetID = D6F9A00B1A6C955800F698F7;
					};
				};
			};
			buildConfigurationList = D6F9A0071A6C955800F698F7 /* Build configuration list for PBXProject "WGCustomTabbarController" */;
			compatibilityVersion = "Xcode 3.2";
			developmentRegion = English;
			hasScannedForEncodings = 0;
			knownRegions = (
				en,
				Base,
			);
			mainGroup = D6F9A0031A6C955800F698F7;
			productRefGroup = D6F9A00D1A6C955800F698F7 /* Products */;
			projectDirPath = "";
			projectRoot = "";
			targets = (
				D6F9A00B1A6C955800F698F7 /* WGCustomTabbarController */,
				D6F9A0241A6C955800F698F7 /* WGCustomTabbarControllerTests */,
			);
		};
/* End PBXProject section */

/* Begin PBXResourcesBuildPhase section */
		D6F9A00A1A6C955800F698F7 /* Resources */ = {
			isa = PBXResourcesBuildPhase;
			buildActionMask = 2147483647;
			files = (
				D6D861071A6D03AF00E52F5A /* bottom_indicator.png in Resources */,
				D6F9A01B1A6C955800F698F7 /* Main.storyboard in Resources */,
				D6F9A0201A6C955800F698F7 /* LaunchScreen.xib in Resources */,
				D6F9A01D1A6C955800F698F7 /* Images.xcassets in Resources */,
			);
			runOnlyForDeploymentPostprocessing = 0;
		};
		D6F9A0231A6C955800F698F7 /* Resources */ = {
			isa = PBXResourcesBuildPhase;
			buildActionMask = 2147483647;
			files = (
			);
			runOnlyForDeploymentPostprocessing = 0;
		};
/* End PBXResourcesBuildPhase section */

/* Begin PBXSourcesBuildPhase section */
		D6F9A0081A6C955800F698F7 /* Sources */ = {
			isa = PBXSourcesBuildPhase;
			buildActionMask = 2147483647;
			files = (
				D6C0AF701A6CE74D0057FE9D /* WGTabbarAnimation.m in Sources */,
				D6F9A0151A6C955800F698F7 /* AppDelegate.m in Sources */,
				D6D860FE1A6D035800E52F5A /* WGTabbarController.m in Sources */,
				D6D8610A1A6D03AF00E52F5A /* LDTabBaseCell.m in Sources */,
				D6D861091A6D03AF00E52F5A /* LDTabbarItemCollectionView.m in Sources */,
				D6F9A0121A6C955800F698F7 /* main.m in Sources */,
				D6D861081A6D03AF00E52F5A /* LDTabbar.m in Sources */,
			);
			runOnlyForDeploymentPostprocessing = 0;
		};
		D6F9A0211A6C955800F698F7 /* Sources */ = {
			isa = PBXSourcesBuildPhase;
			buildActionMask = 2147483647;
			files = (
				D6F9A02C1A6C955800F698F7 /* WGCustomTabbarControllerTests.m in Sources */,
			);
			runOnlyForDeploymentPostprocessing = 0;
		};
/* End PBXSourcesBuildPhase section */

/* Begin PBXTargetDependency section */
		D6F9A0271A6C955800F698F7 /* PBXTargetDependency */ = {
			isa = PBXTargetDependency;
			target = D6F9A00B1A6C955800F698F7 /* WGCustomTabbarController */;
			targetProxy = D6F9A0261A6C955800F698F7 /* PBXContainerItemProxy */;
		};
/* End PBXTargetDependency section */

/* Begin PBXVariantGroup section */
		D6F9A0191A6C955800F698F7 /* Main.storyboard */ = {
			isa = PBXVariantGroup;
			children = (
				D6F9A01A1A6C955800F698F7 /* Base */,
			);
			name = Main.storyboard;
			sourceTree = "<group>";
		};
		D6F9A01E1A6C955800F698F7 /* LaunchScreen.xib */ = {
			isa = PBXVariantGroup;
			children = (
				D6F9A01F1A6C955800F698F7 /* Base */,
			);
			name = LaunchScreen.xib;
			sourceTree = "<group>";
		};
/* End PBXVariantGroup section */

/* Begin XCBuildConfiguration section */
		D6F9A02D1A6C955800F698F7 /* Debug */ = {
			isa = XCBuildConfiguration;
			buildSettings = {
				ALWAYS_SEARCH_USER_PATHS = NO;
				CLANG_CXX_LANGUAGE_STANDARD = "gnu++0x";
				CLANG_CXX_LIBRARY = "libc++";
				CLANG_ENABLE_MODULES = YES;
				CLANG_ENABLE_OBJC_ARC = YES;
				CLANG_WARN_BOOL_CONVERSION = YES;
				CLANG_WARN_CONSTANT_CONVERSION = YES;
				CLANG_WARN_DIRECT_OBJC_ISA_USAGE = YES_ERROR;
				CLANG_WARN_EMPTY_BODY = YES;
				CLANG_WARN_ENUM_CONVERSION = YES;
				CLANG_WARN_INT_CONVERSION = YES;
				CLANG_WARN_OBJC_ROOT_CLASS = YES_ERROR;
				CLANG_WARN_UNREACHABLE_CODE = YES;
				CLANG_WARN__DUPLICATE_METHOD_MATCH = YES;
				"CODE_SIGN_IDENTITY[sdk=iphoneos*]" = "iPhone Developer";
				COPY_PHASE_STRIP = NO;
				ENABLE_STRICT_OBJC_MSGSEND = YES;
				GCC_C_LANGUAGE_STANDARD = gnu99;
				GCC_DYNAMIC_NO_PIC = NO;
				GCC_OPTIMIZATION_LEVEL = 0;
				GCC_PREPROCESSOR_DEFINITIONS = (
					"DEBUG=1",
					"$(inherited)",
				);
				GCC_SYMBOLS_PRIVATE_EXTERN = NO;
				GCC_WARN_64_TO_32_BIT_CONVERSION = YES;
				GCC_WARN_ABOUT_RETURN_TYPE = YES_ERROR;
				GCC_WARN_UNDECLARED_SELECTOR = YES;
				GCC_WARN_UNINITIALIZED_AUTOS = YES_AGGRESSIVE;
				GCC_WARN_UNUSED_FUNCTION = YES;
				GCC_WARN_UNUSED_VARIABLE = YES;
				IPHONEOS_DEPLOYMENT_TARGET = 8.1;
				MTL_ENABLE_DEBUG_INFO = YES;
				ONLY_ACTIVE_ARCH = YES;
				SDKROOT = iphoneos;
			};
			name = Debug;
		};
		D6F9A02E1A6C955800F698F7 /* Release */ = {
			isa = XCBuildConfiguration;
			buildSettings = {
				ALWAYS_SEARCH_USER_PATHS = NO;
				CLANG_CXX_LANGUAGE_STANDARD = "gnu++0x";
				CLANG_CXX_LIBRARY = "libc++";
				CLANG_ENABLE_MODULES = YES;
				CLANG_ENABLE_OBJC_ARC = YES;
				CLANG_WARN_BOOL_CONVERSION = YES;
				CLANG_WARN_CONSTANT_CONVERSION = YES;
				CLANG_WARN_DIRECT_OBJC_ISA_USAGE = YES_ERROR;
				CLANG_WARN_EMPTY_BODY = YES;
				CLANG_WARN_ENUM_CONVERSION = YES;
				CLANG_WARN_INT_CONVERSION = YES;
				CLANG_WARN_OBJC_ROOT_CLASS = YES_ERROR;
				CLANG_WARN_UNREACHABLE_CODE = YES;
				CLANG_WARN__DUPLICATE_METHOD_MATCH = YES;
				"CODE_SIGN_IDENTITY[sdk=iphoneos*]" = "iPhone Developer";
				COPY_PHASE_STRIP = YES;
				ENABLE_NS_ASSERTIONS = NO;
				ENABLE_STRICT_OBJC_MSGSEND = YES;
				GCC_C_LANGUAGE_STANDARD = gnu99;
				GCC_WARN_64_TO_32_BIT_CONVERSION = YES;
				GCC_WARN_ABOUT_RETURN_TYPE = YES_ERROR;
				GCC_WARN_UNDECLARED_SELECTOR = YES;
				GCC_WARN_UNINITIALIZED_AUTOS = YES_AGGRESSIVE;
				GCC_WARN_UNUSED_FUNCTION = YES;
				GCC_WARN_UNUSED_VARIABLE = YES;
				IPHONEOS_DEPLOYMENT_TARGET = 8.1;
				MTL_ENABLE_DEBUG_INFO = NO;
				SDKROOT = iphoneos;
				VALIDATE_PRODUCT = YES;
			};
			name = Release;
		};
		D6F9A0301A6C955800F698F7 /* Debug */ = {
			isa = XCBuildConfiguration;
			buildSettings = {
				ASSETCATALOG_COMPILER_APPICON_NAME = AppIcon;
				INFOPLIST_FILE = WGCustomTabbarController/Info.plist;
				LD_RUNPATH_SEARCH_PATHS = "$(inherited) @executable_path/Frameworks";
				PRODUCT_NAME = "$(TARGET_NAME)";
			};
			name = Debug;
		};
		D6F9A0311A6C955800F698F7 /* Release */ = {
			isa = XCBuildConfiguration;
			buildSettings = {
				ASSETCATALOG_COMPILER_APPICON_NAME = AppIcon;
				INFOPLIST_FILE = WGCustomTabbarController/Info.plist;
				LD_RUNPATH_SEARCH_PATHS = "$(inherited) @executable_path/Frameworks";
				PRODUCT_NAME = "$(TARGET_NAME)";
			};
			name = Release;
		};
		D6F9A0331A6C955800F698F7 /* Debug */ = {
			isa = XCBuildConfiguration;
			buildSettings = {
				BUNDLE_LOADER = "$(TEST_HOST)";
				FRAMEWORK_SEARCH_PATHS = (
					"$(SDKROOT)/Developer/Library/Frameworks",
					"$(inherited)",
				);
				GCC_PREPROCESSOR_DEFINITIONS = (
					"DEBUG=1",
					"$(inherited)",
				);
				INFOPLIST_FILE = WGCustomTabbarControllerTests/Info.plist;
				LD_RUNPATH_SEARCH_PATHS = "$(inherited) @executable_path/Frameworks @loader_path/Frameworks";
				PRODUCT_NAME = "$(TARGET_NAME)";
				TEST_HOST = "$(BUILT_PRODUCTS_DIR)/WGCustomTabbarController.app/WGCustomTabbarController";
			};
			name = Debug;
		};
		D6F9A0341A6C955800F698F7 /* Release */ = {
			isa = XCBuildConfiguration;
			buildSettings = {
				BUNDLE_LOADER = "$(TEST_HOST)";
				FRAMEWORK_SEARCH_PATHS = (
					"$(SDKROOT)/Developer/Library/Frameworks",
					"$(inherited)",
				);
				INFOPLIST_FILE = WGCustomTabbarControllerTests/Info.plist;
				LD_RUNPATH_SEARCH_PATHS = "$(inherited) @executable_path/Frameworks @loader_path/Frameworks";
				PRODUCT_NAME = "$(TARGET_NAME)";
				TEST_HOST = "$(BUILT_PRODUCTS_DIR)/WGCustomTabbarController.app/WGCustomTabbarController";
			};
			name = Release;
		};
/* End XCBuildConfiguration section */

/* Begin XCConfigurationList section */
		D6F9A0071A6C955800F698F7 /* Build configuration list for PBXProject "WGCustomTabbarController" */ = {
			isa = XCConfigurationList;
			buildConfigurations = (
				D6F9A02D1A6C955800F698F7 /* Debug */,
				D6F9A02E1A6C955800F698F7 /* Release */,
			);
			defaultConfigurationIsVisible = 0;
			defaultConfigurationName = Release;
		};
		D6F9A02F1A6C955800F698F7 /* Build configuration list for PBXNativeTarget "WGCustomTabbarController" */ = {
			isa = XCConfigurationList;
			buildConfigurations = (
				D6F9A0301A6C955800F698F7 /* Debug */,
				D6F9A0311A6C955800F698F7 /* Release */,
			);
			defaultConfigurationIsVisible = 0;
			defaultConfigurationName = Release;
		};
		D6F9A0321A6C955800F698F7 /* Build configuration list for PBXNativeTarget "WGCustomTabbarControllerTests" */ = {
			isa = XCConfigurationList;
			buildConfigurations = (
				D6F9A0331A6C955800F698F7 /* Debug */,
				D6F9A0341A6C955800F698F7 /* Release */,
			);
			defaultConfigurationIsVisible = 0;
			defaultConfigurationName = Release;
		};
/* End XCConfigurationList section */
	};
	rootObject = D6F9A0041A6C955800F698F7 /* Project object */;
}
